{
    "name": "teamrun-client",
    "version": "0.6.0",
    "lockfileVersion": 3,
    "requires": true,
    "packages": {
        "": {
            "name": "teamrun-client",
            "version": "0.6.0",
            "dependencies": {
                "bytebuffer": "^5.0.1",
                "electron-updater": "^5.3.0",
                "winax": "^3.3.4"
            }
        },
        "node_modules/@types/semver": {
            "version": "7.3.13",
            "resolved": "https://registry.npmjs.org/@types/semver/-/semver-7.3.13.tgz",
            "integrity": "sha512-21cFJr9z3g5dW8B0CVI9g2O9beqaThGQ6ZFBqHfwhzLDKUxaqTIy3vnfah/UPkfOiF2pLq+tGz+W8RyCskuslw=="
        },
        "node_modules/argparse": {
            "version": "2.0.1",
            "resolved": "https://registry.npmjs.org/argparse/-/argparse-2.0.1.tgz",
            "integrity": "sha512-8+9WqebbFzpX9OR+Wa6O29asIogeRMzcGtAINdpMHHyAg10f05aSFVBbcEqGf/PXw1EjAZ+q2/bEBg3DvurK3Q=="
        },
        "node_modules/builder-util-runtime": {
            "version": "9.1.1",
            "resolved": "https://registry.npmjs.org/builder-util-runtime/-/builder-util-runtime-9.1.1.tgz",
            "integrity": "sha512-azRhYLEoDvRDR8Dhis4JatELC/jUvYjm4cVSj7n9dauGTOM2eeNn9KS0z6YA6oDsjI1xphjNbY6PZZeHPzzqaw==",
            "dependencies": {
                "debug": "^4.3.4",
                "sax": "^1.2.4"
            },
            "engines": {
                "node": ">=12.0.0"
            }
        },
        "node_modules/bytebuffer": {
            "version": "5.0.1",
            "resolved": "https://registry.npmjs.org/bytebuffer/-/bytebuffer-5.0.1.tgz",
            "integrity": "sha512-IuzSdmADppkZ6DlpycMkm8l9zeEq16fWtLvunEwFiYciR/BHo4E8/xs5piFquG+Za8OWmMqHF8zuRviz2LHvRQ==",
            "dependencies": {
                "long": "~3"
            },
            "engines": {
                "node": ">=0.8"
            }
        },
        "node_modules/debug": {
            "version": "4.3.4",
            "resolved": "https://registry.npmjs.org/debug/-/debug-4.3.4.tgz",
            "integrity": "sha512-PRWFHuSU3eDtQJPvnNY7Jcket1j0t5OuOsFzPPzsekD52Zl8qUfFIPEiswXqIvHWGVHOgX+7G/vCNNhehwxfkQ==",
            "dependencies": {
                "ms": "2.1.2"
            },
            "engines": {
                "node": ">=6.0"
            },
            "peerDependenciesMeta": {
                "supports-color": {
                    "optional": true
                }
            }
        },
        "node_modules/electron-updater": {
            "version": "5.3.0",
            "resolved": "https://registry.npmjs.org/electron-updater/-/electron-updater-5.3.0.tgz",
            "integrity": "sha512-iKEr7yQBcvnQUPnSDYGSWC9t0eF2YbZWeYYYZzYxdl+HiRejXFENjYMnYjoOm2zxyD6Cr2JTHZhp9pqxiXuCOw==",
            "dependencies": {
                "@types/semver": "^7.3.6",
                "builder-util-runtime": "9.1.1",
                "fs-extra": "^10.0.0",
                "js-yaml": "^4.1.0",
                "lazy-val": "^1.0.5",
                "lodash.escaperegexp": "^4.1.2",
                "lodash.isequal": "^4.5.0",
                "semver": "^7.3.5",
                "typed-emitter": "^2.1.0"
            }
        },
        "node_modules/fs-extra": {
            "version": "10.1.0",
            "resolved": "https://registry.npmjs.org/fs-extra/-/fs-extra-10.1.0.tgz",
            "integrity": "sha512-oRXApq54ETRj4eMiFzGnHWGy+zo5raudjuxN0b8H7s/RU2oW0Wvsx9O0ACRN/kRq9E8Vu/ReskGB5o3ji+FzHQ==",
            "dependencies": {
                "graceful-fs": "^4.2.0",
                "jsonfile": "^6.0.1",
                "universalify": "^2.0.0"
            },
            "engines": {
                "node": ">=12"
            }
        },
        "node_modules/graceful-fs": {
            "version": "4.2.11",
            "resolved": "https://registry.npmjs.org/graceful-fs/-/graceful-fs-4.2.11.tgz",
            "integrity": "sha512-RbJ5/jmFcNNCcDV5o9eTnBLJ/HszWV0P73bc+Ff4nS/rJj+YaS6IGyiOL0VoBYX+l1Wrl3k63h/KrH+nhJ0XvQ=="
        },
        "node_modules/js-yaml": {
            "version": "4.1.0",
            "resolved": "https://registry.npmjs.org/js-yaml/-/js-yaml-4.1.0.tgz",
            "integrity": "sha512-wpxZs9NoxZaJESJGIZTyDEaYpl0FKSA+FB9aJiyemKhMwkxQg63h4T1KJgUGHpTqPDNRcmmYLugrRjJlBtWvRA==",
            "dependencies": {
                "argparse": "^2.0.1"
            },
            "bin": {
                "js-yaml": "bin/js-yaml.js"
            }
        },
        "node_modules/jsonfile": {
            "version": "6.1.0",
            "resolved": "https://registry.npmjs.org/jsonfile/-/jsonfile-6.1.0.tgz",
            "integrity": "sha512-5dgndWOriYSm5cnYaJNhalLNDKOqFwyDB/rr1E9ZsGciGvKPs8R2xYGCacuf3z6K1YKDz182fd+fY3cn3pMqXQ==",
            "dependencies": {
                "universalify": "^2.0.0"
            },
            "optionalDependencies": {
                "graceful-fs": "^4.1.6"
            }
        },
        "node_modules/lazy-val": {
            "version": "1.0.5",
            "resolved": "https://registry.npmjs.org/lazy-val/-/lazy-val-1.0.5.tgz",
            "integrity": "sha512-0/BnGCCfyUMkBpeDgWihanIAF9JmZhHBgUhEqzvf+adhNGLoP6TaiI5oF8oyb3I45P+PcnrqihSf01M0l0G5+Q=="
        },
        "node_modules/lodash.escaperegexp": {
            "version": "4.1.2",
            "resolved": "https://registry.npmjs.org/lodash.escaperegexp/-/lodash.escaperegexp-4.1.2.tgz",
            "integrity": "sha512-TM9YBvyC84ZxE3rgfefxUWiQKLilstD6k7PTGt6wfbtXF8ixIJLOL3VYyV/z+ZiPLsVxAsKAFVwWlWeb2Y8Yyw=="
        },
        "node_modules/lodash.isequal": {
            "version": "4.5.0",
            "resolved": "https://registry.npmjs.org/lodash.isequal/-/lodash.isequal-4.5.0.tgz",
            "integrity": "sha512-pDo3lu8Jhfjqls6GkMgpahsF9kCyayhgykjyLMNFTKWrpVdAQtYyB4muAMWozBB4ig/dtWAmsMxLEI8wuz+DYQ=="
        },
        "node_modules/long": {
            "version": "3.2.0",
            "resolved": "https://registry.npmjs.org/long/-/long-3.2.0.tgz",
            "integrity": "sha512-ZYvPPOMqUwPoDsbJaR10iQJYnMuZhRTvHYl62ErLIEX7RgFlziSBUUvrt3OVfc47QlHHpzPZYP17g3Fv7oeJkg==",
            "engines": {
                "node": ">=0.6"
            }
        },
        "node_modules/lru-cache": {
            "version": "6.0.0",
            "resolved": "https://registry.npmjs.org/lru-cache/-/lru-cache-6.0.0.tgz",
            "integrity": "sha512-Jo6dJ04CmSjuznwJSS3pUeWmd/H0ffTlkXXgwZi+eq1UCmqQwCh+eLsYOYCwY991i2Fah4h1BEMCx4qThGbsiA==",
            "dependencies": {
                "yallist": "^4.0.0"
            },
            "engines": {
                "node": ">=10"
            }
        },
        "node_modules/ms": {
            "version": "2.1.2",
            "resolved": "https://registry.npmjs.org/ms/-/ms-2.1.2.tgz",
            "integrity": "sha512-sGkPx+VjMtmA6MX27oA4FBFELFCZZ4S4XqeGOXCv68tT+jb3vk/RyaKWP0PTKyWtmLSM0b+adUTEvbs1PEaH2w=="
        },
        "node_modules/rxjs": {
            "version": "7.8.0",
            "resolved": "https://registry.npmjs.org/rxjs/-/rxjs-7.8.0.tgz",
            "integrity": "sha512-F2+gxDshqmIub1KdvZkaEfGDwLNpPvk9Fs6LD/MyQxNgMds/WH9OdDDXOmxUZpME+iSK3rQCctkL0DYyytUqMg==",
            "optional": true,
            "dependencies": {
                "tslib": "^2.1.0"
            }
        },
        "node_modules/sax": {
            "version": "1.2.4",
            "resolved": "https://registry.npmjs.org/sax/-/sax-1.2.4.tgz",
            "integrity": "sha512-NqVDv9TpANUjFm0N8uM5GxL36UgKi9/atZw+x7YFnQ8ckwFGKrl4xX4yWtrey3UJm5nP1kUbnYgLopqWNSRhWw=="
        },
        "node_modules/semver": {
            "version": "7.3.8",
            "resolved": "https://registry.npmjs.org/semver/-/semver-7.3.8.tgz",
            "integrity": "sha512-NB1ctGL5rlHrPJtFDVIVzTyQylMLu9N9VICA6HSFJo8MCGVTMW6gfpicwKmmK/dAjTOrqu5l63JJOpDSrAis3A==",
            "dependencies": {
                "lru-cache": "^6.0.0"
            },
            "bin": {
                "semver": "bin/semver.js"
            },
            "engines": {
                "node": ">=10"
            }
        },
        "node_modules/tslib": {
            "version": "2.5.0",
            "resolved": "https://registry.npmjs.org/tslib/-/tslib-2.5.0.tgz",
            "integrity": "sha512-336iVw3rtn2BUK7ORdIAHTyxHGRIHVReokCR3XjbckJMK7ms8FysBfhLR8IXnAgy7T0PTPNBWKiH514FOW/WSg==",
            "optional": true
        },
        "node_modules/typed-emitter": {
            "version": "2.1.0",
            "resolved": "https://registry.npmjs.org/typed-emitter/-/typed-emitter-2.1.0.tgz",
            "integrity": "sha512-g/KzbYKbH5C2vPkaXGu8DJlHrGKHLsM25Zg9WuC9pMGfuvT+X25tZQWo5fK1BjBm8+UrVE9LDCvaY0CQk+fXDA==",
            "optionalDependencies": {
                "rxjs": "*"
            }
        },
        "node_modules/universalify": {
            "version": "2.0.0",
            "resolved": "https://registry.npmjs.org/universalify/-/universalify-2.0.0.tgz",
            "integrity": "sha512-hAZsKq7Yy11Zu1DE0OzWjw7nnLZmJZYTDZZyEFHZdUhV8FkH5MCfoU1XMaxXovpyW5nq5scPqq0ZDP9Zyl04oQ==",
            "engines": {
                "node": ">= 10.0.0"
            }
        },
        "node_modules/winax": {
            "version": "3.3.4",
            "resolved": "https://registry.npmjs.org/winax/-/winax-3.3.4.tgz",
            "integrity": "sha512-hwh/tFGGCZgrvoxgd8xqSYgnWYUHvqLUMTtKgV/qSEwy4MC31JUukhBlKbBlqpnuDkzMGpxavyI4YCyrdtagyA==",
            "hasInstallScript": true,
            "os": [
                "win32"
            ],
            "bin": {
                "nodewscript": "NodeWScript.js"
            },
            "engines": {
                "node": ">= 10.0.0"
            }
        },
        "node_modules/yallist": {
            "version": "4.0.0",
            "resolved": "https://registry.npmjs.org/yallist/-/yallist-4.0.0.tgz",
            "integrity": "sha512-3wdGidZyq5PB084XLES5TpOSRA3wjXAlIWMhum2kRcv/41Sn2emQ0dycQW4uZXLejwKvg6EsvbdlVL+FYEct7A=="
        }
    }
}
