{
    "name": "teamrun-client",
    "version": "0.0.1",
    "lockfileVersion": 3,
    "requires": true,
    "packages": {
        "": {
            "name": "teamrun-client",
            "version": "0.0.1",
            "dependencies": {
                "bytebuffer": "^5.0.1",
                "winax": "^3.3.4"
            }
        },
        "node_modules/bytebuffer": {
            "version": "5.0.1",
            "resolved": "https://registry.npmjs.org/bytebuffer/-/bytebuffer-5.0.1.tgz",
            "integrity": "sha512-IuzSdmADppkZ6DlpycMkm8l9zeEq16fWtLvunEwFiYciR/BHo4E8/xs5piFquG+Za8OWmMqHF8zuRviz2LHvRQ==",
            "dependencies": {
                "long": "~3"
            },
            "engines": {
                "node": ">=0.8"
            }
        },
        "node_modules/long": {
            "version": "3.2.0",
            "resolved": "https://registry.npmjs.org/long/-/long-3.2.0.tgz",
            "integrity": "sha512-ZYvPPOMqUwPoDsbJaR10iQJYnMuZhRTvHYl62ErLIEX7RgFlziSBUUvrt3OVfc47QlHHpzPZYP17g3Fv7oeJkg==",
            "engines": {
                "node": ">=0.6"
            }
        },
        "node_modules/winax": {
            "version": "3.3.4",
            "resolved": "https://registry.npmjs.org/winax/-/winax-3.3.4.tgz",
            "integrity": "sha512-hwh/tFGGCZgrvoxgd8xqSYgnWYUHvqLUMTtKgV/qSEwy4MC31JUukhBlKbBlqpnuDkzMGpxavyI4YCyrdtagyA==",
            "hasInstallScript": true,
            "os": [
                "win32"
            ],
            "bin": {
                "nodewscript": "NodeWScript.js"
            },
            "engines": {
                "node": ">= 10.0.0"
            }
        }
    }
}
